
Microsoft Visual Studio Solution File, Format Version 12.00
# Visual Studio 15
VisualStudioVersion = 15.0.27428.2002
MinimumVisualStudioVersion = 10.0.40219.1
Project("{8BC9CEB8-8B4A-11D0-8D11-00A0C91BC942}") = "expat", "expat\expat.vcxproj", "{11375B1D-0B18-4E1B-B257-679A555B60E1}"
EndProject
Project("{8BC9CEB8-8B4A-11D0-8D11-00A0C91BC942}") = "jpeg", "jpeg\jpeg.vcxproj", "{76B1EACA-0AE3-47AA-96EA-6E297E97E07C}"
EndProject
Project("{8BC9CEB8-8B4A-11D0-8D11-00A0C91BC942}") = "png", "png\png.vcxproj", "{82C46748-B7CE-473E-937D-7A3D2A91FE93}"
EndProject
Project("{8BC9CEB8-8B4A-11D0-8D11-00A0C91BC942}") = "regex", "regex\regex.vcxproj", "{61F28B08-4976-4DBB-B894-D7A9CE0CBBFF}"
EndProject
Project("{8BC9CEB8-8B4A-11D0-8D11-00A0C91BC942}") = "tiff", "tiff\tiff.vcxproj", "{CC845F91-63EA-4B17-A147-2642F41FCFC5}"
EndProject
Project("{8BC9CEB8-8B4A-11D0-8D11-00A0C91BC942}") = "wxWindows", "wxWindows.vcxproj", "{AB1B5EF0-5052-4BE5-A31E-A8A6DA90B182}"
EndProject
Project("{8BC9CEB8-8B4A-11D0-8D11-00A0C91BC942}") = "zlib", "zlib\zlib.vcxproj", "{0EEDF3DE-8005-41D6-B4A8-E25BBA05D255}"
EndProject
Global
	GlobalSection(SolutionConfigurationPlatforms) = preSolution
		Debug DLL|x86 = Debug DLL|x86
		Debug Unicode DLL|x86 = Debug Unicode DLL|x86
		Debug Unicode|x86 = Debug Unicode|x86
		Debug|x86 = Debug|x86
		Release DLL|x86 = Release DLL|x86
		Release Unicode DLL|x86 = Release Unicode DLL|x86
		Release Unicode|x86 = Release Unicode|x86
		Release With Debug Info|x86 = Release With Debug Info|x86
		Release|x86 = Release|x86
		Template|x86 = Template|x86
	EndGlobalSection
	GlobalSection(ProjectConfigurationPlatforms) = postSolution
		{11375B1D-0B18-4E1B-B257-679A555B60E1}.Debug DLL|x86.ActiveCfg = Debug|Win32
		{11375B1D-0B18-4E1B-B257-679A555B60E1}.Debug DLL|x86.Build.0 = Debug|Win32
		{11375B1D-0B18-4E1B-B257-679A555B60E1}.Debug Unicode DLL|x86.ActiveCfg = Debug|Win32
		{11375B1D-0B18-4E1B-B257-679A555B60E1}.Debug Unicode DLL|x86.Build.0 = Debug|Win32
		{11375B1D-0B18-4E1B-B257-679A555B60E1}.Debug Unicode|x86.ActiveCfg = Debug|Win32
		{11375B1D-0B18-4E1B-B257-679A555B60E1}.Debug Unicode|x86.Build.0 = Debug|Win32
		{11375B1D-0B18-4E1B-B257-679A555B60E1}.Debug|x86.ActiveCfg = Debug|Win32
		{11375B1D-0B18-4E1B-B257-679A555B60E1}.Debug|x86.Build.0 = Debug|Win32
		{11375B1D-0B18-4E1B-B257-679A555B60E1}.Release DLL|x86.ActiveCfg = Release|Win32
		{11375B1D-0B18-4E1B-B257-679A555B60E1}.Release DLL|x86.Build.0 = Release|Win32
		{11375B1D-0B18-4E1B-B257-679A555B60E1}.Release Unicode DLL|x86.ActiveCfg = Release|Win32
		{11375B1D-0B18-4E1B-B257-679A555B60E1}.Release Unicode DLL|x86.Build.0 = Release|Win32
		{11375B1D-0B18-4E1B-B257-679A555B60E1}.Release Unicode|x86.ActiveCfg = Release|Win32
		{11375B1D-0B18-4E1B-B257-679A555B60E1}.Release Unicode|x86.Build.0 = Release|Win32
		{11375B1D-0B18-4E1B-B257-679A555B60E1}.Release With Debug Info|x86.ActiveCfg = Release|Win32
		{11375B1D-0B18-4E1B-B257-679A555B60E1}.Release With Debug Info|x86.Build.0 = Release|Win32
		{11375B1D-0B18-4E1B-B257-679A555B60E1}.Release|x86.ActiveCfg = Release|Win32
		{11375B1D-0B18-4E1B-B257-679A555B60E1}.Release|x86.Build.0 = Release|Win32
		{11375B1D-0B18-4E1B-B257-679A555B60E1}.Template|x86.ActiveCfg = Release|Win32
		{11375B1D-0B18-4E1B-B257-679A555B60E1}.Template|x86.Build.0 = Release|Win32
		{76B1EACA-0AE3-47AA-96EA-6E297E97E07C}.Debug DLL|x86.ActiveCfg = Debug|Win32
		{76B1EACA-0AE3-47AA-96EA-6E297E97E07C}.Debug DLL|x86.Build.0 = Debug|Win32
		{76B1EACA-0AE3-47AA-96EA-6E297E97E07C}.Debug Unicode DLL|x86.ActiveCfg = Debug|Win32
		{76B1EACA-0AE3-47AA-96EA-6E297E97E07C}.Debug Unicode DLL|x86.Build.0 = Debug|Win32
		{76B1EACA-0AE3-47AA-96EA-6E297E97E07C}.Debug Unicode|x86.ActiveCfg = Debug|Win32
		{76B1EACA-0AE3-47AA-96EA-6E297E97E07C}.Debug Unicode|x86.Build.0 = Debug|Win32
		{76B1EACA-0AE3-47AA-96EA-6E297E97E07C}.Debug|x86.ActiveCfg = Debug|Win32
		{76B1EACA-0AE3-47AA-96EA-6E297E97E07C}.Debug|x86.Build.0 = Debug|Win32
		{76B1EACA-0AE3-47AA-96EA-6E297E97E07C}.Release DLL|x86.ActiveCfg = Release|Win32
		{76B1EACA-0AE3-47AA-96EA-6E297E97E07C}.Release DLL|x86.Build.0 = Release|Win32
		{76B1EACA-0AE3-47AA-96EA-6E297E97E07C}.Release Unicode DLL|x86.ActiveCfg = Release|Win32
		{76B1EACA-0AE3-47AA-96EA-6E297E97E07C}.Release Unicode DLL|x86.Build.0 = Release|Win32
		{76B1EACA-0AE3-47AA-96EA-6E297E97E07C}.Release Unicode|x86.ActiveCfg = Release|Win32
		{76B1EACA-0AE3-47AA-96EA-6E297E97E07C}.Release Unicode|x86.Build.0 = Release|Win32
		{76B1EACA-0AE3-47AA-96EA-6E297E97E07C}.Release With Debug Info|x86.ActiveCfg = Release|Win32
		{76B1EACA-0AE3-47AA-96EA-6E297E97E07C}.Release With Debug Info|x86.Build.0 = Release|Win32
		{76B1EACA-0AE3-47AA-96EA-6E297E97E07C}.Release|x86.ActiveCfg = Release|Win32
		{76B1EACA-0AE3-47AA-96EA-6E297E97E07C}.Release|x86.Build.0 = Release|Win32
		{76B1EACA-0AE3-47AA-96EA-6E297E97E07C}.Template|x86.ActiveCfg = Template|Win32
		{76B1EACA-0AE3-47AA-96EA-6E297E97E07C}.Template|x86.Build.0 = Template|Win32
		{82C46748-B7CE-473E-937D-7A3D2A91FE93}.Debug DLL|x86.ActiveCfg = Debug|Win32
		{82C46748-B7CE-473E-937D-7A3D2A91FE93}.Debug DLL|x86.Build.0 = Debug|Win32
		{82C46748-B7CE-473E-937D-7A3D2A91FE93}.Debug Unicode DLL|x86.ActiveCfg = Debug|Win32
		{82C46748-B7CE-473E-937D-7A3D2A91FE93}.Debug Unicode DLL|x86.Build.0 = Debug|Win32
		{82C46748-B7CE-473E-937D-7A3D2A91FE93}.Debug Unicode|x86.ActiveCfg = Debug|Win32
		{82C46748-B7CE-473E-937D-7A3D2A91FE93}.Debug Unicode|x86.Build.0 = Debug|Win32
		{82C46748-B7CE-473E-937D-7A3D2A91FE93}.Debug|x86.ActiveCfg = Debug|Win32
		{82C46748-B7CE-473E-937D-7A3D2A91FE93}.Debug|x86.Build.0 = Debug|Win32
		{82C46748-B7CE-473E-937D-7A3D2A91FE93}.Release DLL|x86.ActiveCfg = Release|Win32
		{82C46748-B7CE-473E-937D-7A3D2A91FE93}.Release DLL|x86.Build.0 = Release|Win32
		{82C46748-B7CE-473E-937D-7A3D2A91FE93}.Release Unicode DLL|x86.ActiveCfg = Release|Win32
		{82C46748-B7CE-473E-937D-7A3D2A91FE93}.Release Unicode DLL|x86.Build.0 = Release|Win32
		{82C46748-B7CE-473E-937D-7A3D2A91FE93}.Release Unicode|x86.ActiveCfg = Release|Win32
		{82C46748-B7CE-473E-937D-7A3D2A91FE93}.Release Unicode|x86.Build.0 = Release|Win32
		{82C46748-B7CE-473E-937D-7A3D2A91FE93}.Release With Debug Info|x86.ActiveCfg = Release|Win32
		{82C46748-B7CE-473E-937D-7A3D2A91FE93}.Release With Debug Info|x86.Build.0 = Release|Win32
		{82C46748-B7CE-473E-937D-7A3D2A91FE93}.Release|x86.ActiveCfg = Release|Win32
		{82C46748-B7CE-473E-937D-7A3D2A91FE93}.Release|x86.Build.0 = Release|Win32
		{82C46748-B7CE-473E-937D-7A3D2A91FE93}.Template|x86.ActiveCfg = Template|Win32
		{82C46748-B7CE-473E-937D-7A3D2A91FE93}.Template|x86.Build.0 = Template|Win32
		{61F28B08-4976-4DBB-B894-D7A9CE0CBBFF}.Debug DLL|x86.ActiveCfg = Debug DLL|Win32
		{61F28B08-4976-4DBB-B894-D7A9CE0CBBFF}.Debug DLL|x86.Build.0 = Debug DLL|Win32
		{61F28B08-4976-4DBB-B894-D7A9CE0CBBFF}.Debug Unicode DLL|x86.ActiveCfg = Debug Unicode DLL|Win32
		{61F28B08-4976-4DBB-B894-D7A9CE0CBBFF}.Debug Unicode DLL|x86.Build.0 = Debug Unicode DLL|Win32
		{61F28B08-4976-4DBB-B894-D7A9CE0CBBFF}.Debug Unicode|x86.ActiveCfg = Debug Unicode|Win32
		{61F28B08-4976-4DBB-B894-D7A9CE0CBBFF}.Debug Unicode|x86.Build.0 = Debug Unicode|Win32
		{61F28B08-4976-4DBB-B894-D7A9CE0CBBFF}.Debug|x86.ActiveCfg = Debug|Win32
		{61F28B08-4976-4DBB-B894-D7A9CE0CBBFF}.Debug|x86.Build.0 = Debug|Win32
		{61F28B08-4976-4DBB-B894-D7A9CE0CBBFF}.Release DLL|x86.ActiveCfg = Release DLL|Win32
		{61F28B08-4976-4DBB-B894-D7A9CE0CBBFF}.Release DLL|x86.Build.0 = Release DLL|Win32
		{61F28B08-4976-4DBB-B894-D7A9CE0CBBFF}.Release Unicode DLL|x86.ActiveCfg = Release Unicode DLL|Win32
		{61F28B08-4976-4DBB-B894-D7A9CE0CBBFF}.Release Unicode DLL|x86.Build.0 = Release Unicode DLL|Win32
		{61F28B08-4976-4DBB-B894-D7A9CE0CBBFF}.Release Unicode|x86.ActiveCfg = Release Unicode|Win32
		{61F28B08-4976-4DBB-B894-D7A9CE0CBBFF}.Release Unicode|x86.Build.0 = Release Unicode|Win32
		{61F28B08-4976-4DBB-B894-D7A9CE0CBBFF}.Release With Debug Info|x86.ActiveCfg = Release With Debug Info|Win32
		{61F28B08-4976-4DBB-B894-D7A9CE0CBBFF}.Release With Debug Info|x86.Build.0 = Release With Debug Info|Win32
		{61F28B08-4976-4DBB-B894-D7A9CE0CBBFF}.Release|x86.ActiveCfg = Release|Win32
		{61F28B08-4976-4DBB-B894-D7A9CE0CBBFF}.Release|x86.Build.0 = Release|Win32
		{61F28B08-4976-4DBB-B894-D7A9CE0CBBFF}.Template|x86.ActiveCfg = Template|Win32
		{61F28B08-4976-4DBB-B894-D7A9CE0CBBFF}.Template|x86.Build.0 = Template|Win32
		{CC845F91-63EA-4B17-A147-2642F41FCFC5}.Debug DLL|x86.ActiveCfg = Debug|Win32
		{CC845F91-63EA-4B17-A147-2642F41FCFC5}.Debug DLL|x86.Build.0 = Debug|Win32
		{CC845F91-63EA-4B17-A147-2642F41FCFC5}.Debug Unicode DLL|x86.ActiveCfg = Debug|Win32
		{CC845F91-63EA-4B17-A147-2642F41FCFC5}.Debug Unicode DLL|x86.Build.0 = Debug|Win32
		{CC845F91-63EA-4B17-A147-2642F41FCFC5}.Debug Unicode|x86.ActiveCfg = Debug|Win32
		{CC845F91-63EA-4B17-A147-2642F41FCFC5}.Debug Unicode|x86.Build.0 = Debug|Win32
		{CC845F91-63EA-4B17-A147-2642F41FCFC5}.Debug|x86.ActiveCfg = Debug|Win32
		{CC845F91-63EA-4B17-A147-2642F41FCFC5}.Debug|x86.Build.0 = Debug|Win32
		{CC845F91-63EA-4B17-A147-2642F41FCFC5}.Release DLL|x86.ActiveCfg = Release|Win32
		{CC845F91-63EA-4B17-A147-2642F41FCFC5}.Release DLL|x86.Build.0 = Release|Win32
		{CC845F91-63EA-4B17-A147-2642F41FCFC5}.Release Unicode DLL|x86.ActiveCfg = Release|Win32
		{CC845F91-63EA-4B17-A147-2642F41FCFC5}.Release Unicode DLL|x86.Build.0 = Release|Win32
		{CC845F91-63EA-4B17-A147-2642F41FCFC5}.Release Unicode|x86.ActiveCfg = Release|Win32
		{CC845F91-63EA-4B17-A147-2642F41FCFC5}.Release Unicode|x86.Build.0 = Release|Win32
		{CC845F91-63EA-4B17-A147-2642F41FCFC5}.Release With Debug Info|x86.ActiveCfg = Release|Win32
		{CC845F91-63EA-4B17-A147-2642F41FCFC5}.Release With Debug Info|x86.Build.0 = Release|Win32
		{CC845F91-63EA-4B17-A147-2642F41FCFC5}.Release|x86.ActiveCfg = Release|Win32
		{CC845F91-63EA-4B17-A147-2642F41FCFC5}.Release|x86.Build.0 = Release|Win32
		{CC845F91-63EA-4B17-A147-2642F41FCFC5}.Template|x86.ActiveCfg = Template|Win32
		{CC845F91-63EA-4B17-A147-2642F41FCFC5}.Template|x86.Build.0 = Template|Win32
		{AB1B5EF0-5052-4BE5-A31E-A8A6DA90B182}.Debug DLL|x86.ActiveCfg = Debug DLL|Win32
		{AB1B5EF0-5052-4BE5-A31E-A8A6DA90B182}.Debug DLL|x86.Build.0 = Debug DLL|Win32
		{AB1B5EF0-5052-4BE5-A31E-A8A6DA90B182}.Debug Unicode DLL|x86.ActiveCfg = Debug Unicode DLL|Win32
		{AB1B5EF0-5052-4BE5-A31E-A8A6DA90B182}.Debug Unicode DLL|x86.Build.0 = Debug Unicode DLL|Win32
		{AB1B5EF0-5052-4BE5-A31E-A8A6DA90B182}.Debug Unicode|x86.ActiveCfg = Debug Unicode|Win32
		{AB1B5EF0-5052-4BE5-A31E-A8A6DA90B182}.Debug Unicode|x86.Build.0 = Debug Unicode|Win32
		{AB1B5EF0-5052-4BE5-A31E-A8A6DA90B182}.Debug|x86.ActiveCfg = Debug|Win32
		{AB1B5EF0-5052-4BE5-A31E-A8A6DA90B182}.Debug|x86.Build.0 = Debug|Win32
		{AB1B5EF0-5052-4BE5-A31E-A8A6DA90B182}.Release DLL|x86.ActiveCfg = Release DLL|Win32
		{AB1B5EF0-5052-4BE5-A31E-A8A6DA90B182}.Release DLL|x86.Build.0 = Release DLL|Win32
		{AB1B5EF0-5052-4BE5-A31E-A8A6DA90B182}.Release Unicode DLL|x86.ActiveCfg = Release Unicode DLL|Win32
		{AB1B5EF0-5052-4BE5-A31E-A8A6DA90B182}.Release Unicode DLL|x86.Build.0 = Release Unicode DLL|Win32
		{AB1B5EF0-5052-4BE5-A31E-A8A6DA90B182}.Release Unicode|x86.ActiveCfg = Release Unicode|Win32
		{AB1B5EF0-5052-4BE5-A31E-A8A6DA90B182}.Release Unicode|x86.Build.0 = Release Unicode|Win32
		{AB1B5EF0-5052-4BE5-A31E-A8A6DA90B182}.Release With Debug Info|x86.ActiveCfg = Release With Debug Info|Win32
		{AB1B5EF0-5052-4BE5-A31E-A8A6DA90B182}.Release With Debug Info|x86.Build.0 = Release With Debug Info|Win32
		{AB1B5EF0-5052-4BE5-A31E-A8A6DA90B182}.Release|x86.ActiveCfg = Release|Win32
		{AB1B5EF0-5052-4BE5-A31E-A8A6DA90B182}.Release|x86.Build.0 = Release|Win32
		{AB1B5EF0-5052-4BE5-A31E-A8A6DA90B182}.Template|x86.ActiveCfg = Template|Win32
		{AB1B5EF0-5052-4BE5-A31E-A8A6DA90B182}.Template|x86.Build.0 = Template|Win32
		{0EEDF3DE-8005-41D6-B4A8-E25BBA05D255}.Debug DLL|x86.ActiveCfg = Debug|Win32
		{0EEDF3DE-8005-41D6-B4A8-E25BBA05D255}.Debug DLL|x86.Build.0 = Debug|Win32
		{0EEDF3DE-8005-41D6-B4A8-E25BBA05D255}.Debug Unicode DLL|x86.ActiveCfg = Debug|Win32
		{0EEDF3DE-8005-41D6-B4A8-E25BBA05D255}.Debug Unicode DLL|x86.Build.0 = Debug|Win32
		{0EEDF3DE-8005-41D6-B4A8-E25BBA05D255}.Debug Unicode|x86.ActiveCfg = Debug|Win32
		{0EEDF3DE-8005-41D6-B4A8-E25BBA05D255}.Debug Unicode|x86.Build.0 = Debug|Win32
		{0EEDF3DE-8005-41D6-B4A8-E25BBA05D255}.Debug|x86.ActiveCfg = Debug|Win32
		{0EEDF3DE-8005-41D6-B4A8-E25BBA05D255}.Debug|x86.Build.0 = Debug|Win32
		{0EEDF3DE-8005-41D6-B4A8-E25BBA05D255}.Release DLL|x86.ActiveCfg = Release|Win32
		{0EEDF3DE-8005-41D6-B4A8-E25BBA05D255}.Release DLL|x86.Build.0 = Release|Win32
		{0EEDF3DE-8005-41D6-B4A8-E25BBA05D255}.Release Unicode DLL|x86.ActiveCfg = Release|Win32
		{0EEDF3DE-8005-41D6-B4A8-E25BBA05D255}.Release Unicode DLL|x86.Build.0 = Release|Win32
		{0EEDF3DE-8005-41D6-B4A8-E25BBA05D255}.Release Unicode|x86.ActiveCfg = Release|Win32
		{0EEDF3DE-8005-41D6-B4A8-E25BBA05D255}.Release Unicode|x86.Build.0 = Release|Win32
		{0EEDF3DE-8005-41D6-B4A8-E25BBA05D255}.Release With Debug Info|x86.ActiveCfg = Release|Win32
		{0EEDF3DE-8005-41D6-B4A8-E25BBA05D255}.Release With Debug Info|x86.Build.0 = Release|Win32
		{0EEDF3DE-8005-41D6-B4A8-E25BBA05D255}.Release|x86.ActiveCfg = Release|Win32
		{0EEDF3DE-8005-41D6-B4A8-E25BBA05D255}.Release|x86.Build.0 = Release|Win32
		{0EEDF3DE-8005-41D6-B4A8-E25BBA05D255}.Template|x86.ActiveCfg = Template|Win32
		{0EEDF3DE-8005-41D6-B4A8-E25BBA05D255}.Template|x86.Build.0 = Template|Win32
	EndGlobalSection
	GlobalSection(SolutionProperties) = preSolution
		HideSolutionNode = FALSE
	EndGlobalSection
	GlobalSection(ExtensibilityGlobals) = postSolution
		SolutionGuid = {3597691C-E292-476A-9BC5-EB0EB965B205}
	EndGlobalSection
EndGlobal
